// !$*UTF8*$!
{
	archiveVersion = 1;
	classes = {
	};
	objectVersion = 46;
	objects = {

/* Begin PBXBuildFile section */
		9A5AB6D217F65017000BF5C3 /* Foundation.framework in Frameworks */ = {isa = PBXBuildFile; fileRef = 9A5AB6D117F65017000BF5C3 /* Foundation.framework */; };
		9A5AB6D417F65017000BF5C3 /* CoreGraphics.framework in Frameworks */ = {isa = PBXBuildFile; fileRef = 9A5AB6D317F65017000BF5C3 /* CoreGraphics.framework */; };
		9A5AB6D617F65017000BF5C3 /* UIKit.framework in Frameworks */ = {isa = PBXBuildFile; fileRef = 9A5AB6D517F65017000BF5C3 /* UIKit.framework */; };
		9A5AB6DC17F65017000BF5C3 /* InfoPlist.strings in Resources */ = {isa = PBXBuildFile; fileRef = 9A5AB6DA17F65017000BF5C3 /* InfoPlist.strings */; };
		9A5AB6DE17F65017000BF5C3 /* main.m in Sources */ = {isa = PBXBuildFile; fileRef = 9A5AB6DD17F65017000BF5C3 /* main.m */; };
		9A5AB6E217F65017000BF5C3 /* QuadraticAppDelegate.m in Sources */ = {isa = PBXBuildFile; fileRef = 9A5AB6E117F65017000BF5C3 /* QuadraticAppDelegate.m */; };
		9A5AB6E517F65017000BF5C3 /* Main.storyboard in Resources */ = {isa = PBXBuildFile; fileRef = 9A5AB6E317F65017000BF5C3 /* Main.storyboard */; };
		9A5AB6E817F65017000BF5C3 /* QuadraticViewController.m in Sources */ = {isa = PBXBuildFile; fileRef = 9A5AB6E717F65017000BF5C3 /* QuadraticViewController.m */; };
		9A5AB6EA17F65017000BF5C3 /* Images.xcassets in Resources */ = {isa = PBXBuildFile; fileRef = 9A5AB6E917F65017000BF5C3 /* Images.xcassets */; };
		9A5AB6F117F65017000BF5C3 /* XCTest.framework in Frameworks */ = {isa = PBXBuildFile; fileRef = 9A5AB6F017F65017000BF5C3 /* XCTest.framework */; };
		9A5AB6F217F65017000BF5C3 /* Foundation.framework in Frameworks */ = {isa = PBXBuildFile; fileRef = 9A5AB6D117F65017000BF5C3 /* Foundation.framework */; };
		9A5AB6F317F65017000BF5C3 /* UIKit.framework in Frameworks */ = {isa = PBXBuildFile; fileRef = 9A5AB6D517F65017000BF5C3 /* UIKit.framework */; };
		9A5AB6FB17F65017000BF5C3 /* InfoPlist.strings in Resources */ = {isa = PBXBuildFile; fileRef = 9A5AB6F917F65017000BF5C3 /* InfoPlist.strings */; };
		9A5AB6FD17F65017000BF5C3 /* Quick_QuadraticTests.m in Sources */ = {isa = PBXBuildFile; fileRef = 9A5AB6FC17F65017000BF5C3 /* Quick_QuadraticTests.m */; };
		9A5AB70717F65025000BF5C3 /* iAd.framework in Frameworks */ = {isa = PBXBuildFile; fileRef = 9A5AB70617F65024000BF5C3 /* iAd.framework */; };
		9A5AB70C17F6557D000BF5C3 /* NumberPad.m in Sources */ = {isa = PBXBuildFile; fileRef = 9A5AB70A17F6557D000BF5C3 /* NumberPad.m */; };
		9A5AB70D17F6557D000BF5C3 /* NumberPad.xib in Resources */ = {isa = PBXBuildFile; fileRef = 9A5AB70B17F6557D000BF5C3 /* NumberPad.xib */; };
		9A5AB71117F65625000BF5C3 /* QuadraticSolve.m in Sources */ = {isa = PBXBuildFile; fileRef = 9A5AB71017F65625000BF5C3 /* QuadraticSolve.m */; };
/* End PBXBuildFile section */

/* Begin PBXContainerItemProxy section */
		9A5AB6F417F65017000BF5C3 /* PBXContainerItemProxy */ = {
			isa = PBXContainerItemProxy;
			containerPortal = 9A5AB6C617F65017000BF5C3 /* Project object */;
			proxyType = 1;
			remoteGlobalIDString = 9A5AB6CD17F65017000BF5C3;
			remoteInfo = "Quick Quadratic";
		};
/* End PBXContainerItemProxy section */

/* Begin PBXFileReference section */
		9A5AB6CE17F65017000BF5C3 /* Quick Quadratic.app */ = {isa = PBXFileReference; explicitFileType = wrapper.application; includeInIndex = 0; path = "Quick Quadratic.app"; sourceTree = BUILT_PRODUCTS_DIR; };
		9A5AB6D117F65017000BF5C3 /* Foundation.framework */ = {isa = PBXFileReference; lastKnownFileType = wrapper.framework; name = Foundation.framework; path = System/Library/Frameworks/Foundation.framework; sourceTree = SDKROOT; };
		9A5AB6D317F65017000BF5C3 /* CoreGraphics.framework */ = {isa = PBXFileReference; lastKnownFileType = wrapper.framework; name = CoreGraphics.framework; path = System/Library/Frameworks/CoreGraphics.framework; sourceTree = SDKROOT; };
		9A5AB6D517F65017000BF5C3 /* UIKit.framework */ = {isa = PBXFileReference; lastKnownFileType = wrapper.framework; name = UIKit.framework; path = System/Library/Frameworks/UIKit.framework; sourceTree = SDKROOT; };
		9A5AB6D917F65017000BF5C3 /* Quick Quadratic-Info.plist */ = {isa = PBXFileReference; lastKnownFileType = text.plist.xml; path = "Quick Quadratic-Info.plist"; sourceTree = "<group>"; };
		9A5AB6DB17F65017000BF5C3 /* en */ = {isa = PBXFileReference; lastKnownFileType = text.plist.strings; name = en; path = en.lproj/InfoPlist.strings; sourceTree = "<group>"; };
		9A5AB6DD17F65017000BF5C3 /* main.m */ = {isa = PBXFileReference; lastKnownFileType = sourcecode.c.objc; path = main.m; sourceTree = "<group>"; };
		9A5AB6DF17F65017000BF5C3 /* Quick Quadratic-Prefix.pch */ = {isa = PBXFileReference; lastKnownFileType = sourcecode.c.h; path = "Quick Quadratic-Prefix.pch"; sourceTree = "<group>"; };
		9A5AB6E017F65017000BF5C3 /* QuadraticAppDelegate.h */ = {isa = PBXFileReference; lastKnownFileType = sourcecode.c.h; path = QuadraticAppDelegate.h; sourceTree = "<group>"; };
		9A5AB6E117F65017000BF5C3 /* QuadraticAppDelegate.m */ = {isa = PBXFileReference; lastKnownFileType = sourcecode.c.objc; path = QuadraticAppDelegate.m; sourceTree = "<group>"; };
		9A5AB6E417F65017000BF5C3 /* Base */ = {isa = PBXFileReference; lastKnownFileType = file.storyboard; name = Base; path = Base.lproj/Main.storyboard; sourceTree = "<group>"; };
		9A5AB6E617F65017000BF5C3 /* QuadraticViewController.h */ = {isa = PBXFileReference; lastKnownFileType = sourcecode.c.h; path = QuadraticViewController.h; sourceTree = "<group>"; };
		9A5AB6E717F65017000BF5C3 /* QuadraticViewController.m */ = {isa = PBXFileReference; lastKnownFileType = sourcecode.c.objc; path = QuadraticViewController.m; sourceTree = "<group>"; };
		9A5AB6E917F65017000BF5C3 /* Images.xcassets */ = {isa = PBXFileReference; lastKnownFileType = folder.assetcatalog; path = Images.xcassets; sourceTree = "<group>"; };
		9A5AB6EF17F65017000BF5C3 /* Quick QuadraticTests.xctest */ = {isa = PBXFileReference; explicitFileType = wrapper.cfbundle; includeInIndex = 0; path = "Quick QuadraticTests.xctest"; sourceTree = BUILT_PRODUCTS_DIR; };
		9A5AB6F017F65017000BF5C3 /* XCTest.framework */ = {isa = PBXFileReference; lastKnownFileType = wrapper.framework; name = XCTest.framework; path = Library/Frameworks/XCTest.framework; sourceTree = DEVELOPER_DIR; };
		9A5AB6F817F65017000BF5C3 /* Quick QuadraticTests-Info.plist */ = {isa = PBXFileReference; lastKnownFileType = text.plist.xml; path = "Quick QuadraticTests-Info.plist"; sourceTree = "<group>"; };
		9A5AB6FA17F65017000BF5C3 /* en */ = {isa = PBXFileReference; lastKnownFileType = text.plist.strings; name = en; path = en.lproj/InfoPlist.strings; sourceTree = "<group>"; };
		9A5AB6FC17F65017000BF5C3 /* Quick_QuadraticTests.m */ = {isa = PBXFileReference; lastKnownFileType = sourcecode.c.objc; path = Quick_QuadraticTests.m; sourceTree = "<group>"; };
		9A5AB70617F65024000BF5C3 /* iAd.framework */ = {isa = PBXFileReference; lastKnownFileType = wrapper.framework; name = iAd.framework; path = System/Library/Frameworks/iAd.framework; sourceTree = SDKROOT; };
		9A5AB70917F6557D000BF5C3 /* NumberPad.h */ = {isa = PBXFileReference; fileEncoding = 4; lastKnownFileType = sourcecode.c.h; path = NumberPad.h; sourceTree = "<group>"; };
		9A5AB70A17F6557D000BF5C3 /* NumberPad.m */ = {isa = PBXFileReference; fileEncoding = 4; lastKnownFileType = sourcecode.c.objc; path = NumberPad.m; sourceTree = "<group>"; };
		9A5AB70B17F6557D000BF5C3 /* NumberPad.xib */ = {isa = PBXFileReference; fileEncoding = 4; lastKnownFileType = file.xib; path = NumberPad.xib; sourceTree = "<group>"; };
		9A5AB70F17F65625000BF5C3 /* QuadraticSolve.h */ = {isa = PBXFileReference; fileEncoding = 4; lastKnownFileType = sourcecode.c.h; path = QuadraticSolve.h; sourceTree = "<group>"; };
		9A5AB71017F65625000BF5C3 /* QuadraticSolve.m */ = {isa = PBXFileReference; fileEncoding = 4; lastKnownFileType = sourcecode.c.objc; path = QuadraticSolve.m; sourceTree = "<group>"; };
/* End PBXFileReference section */

/* Begin PBXFrameworksBuildPhase section */
		9A5AB6CB17F65017000BF5C3 /* Frameworks */ = {
			isa = PBXFrameworksBuildPhase;
			buildActionMask = 2147483647;
			files = (
				9A5AB70717F65025000BF5C3 /* iAd.framework in Frameworks */,
				9A5AB6D417F65017000BF5C3 /* CoreGraphics.framework in Frameworks */,
				9A5AB6D617F65017000BF5C3 /* UIKit.framework in Frameworks */,
				9A5AB6D217F65017000BF5C3 /* Foundation.framework in Frameworks */,
			);
			runOnlyForDeploymentPostprocessing = 0;
		};
		9A5AB6EC17F65017000BF5C3 /* Frameworks */ = {
			isa = PBXFrameworksBuildPhase;
			buildActionMask = 2147483647;
			files = (
				9A5AB6F117F65017000BF5C3 /* XCTest.framework in Frameworks */,
				9A5AB6F317F65017000BF5C3 /* UIKit.framework in Frameworks */,
				9A5AB6F217F65017000BF5C3 /* Foundation.framework in Frameworks */,
			);
			runOnlyForDeploymentPostprocessing = 0;
		};
/* End PBXFrameworksBuildPhase section */

/* Begin PBXGroup section */
		9A5AB6C517F65017000BF5C3 = {
			isa = PBXGroup;
			children = (
				9A5AB6D717F65017000BF5C3 /* Quick Quadratic */,
				9A5AB6F617F65017000BF5C3 /* Quick QuadraticTests */,
				9A5AB6D017F65017000BF5C3 /* Frameworks */,
				9A5AB6CF17F65017000BF5C3 /* Products */,
			);
			sourceTree = "<group>";
		};
		9A5AB6CF17F65017000BF5C3 /* Products */ = {
			isa = PBXGroup;
			children = (
				9A5AB6CE17F65017000BF5C3 /* Quick Quadratic.app */,
				9A5AB6EF17F65017000BF5C3 /* Quick QuadraticTests.xctest */,
			);
			name = Products;
			sourceTree = "<group>";
		};
		9A5AB6D017F65017000BF5C3 /* Frameworks */ = {
			isa = PBXGroup;
			children = (
				9A5AB70617F65024000BF5C3 /* iAd.framework */,
				9A5AB6D117F65017000BF5C3 /* Foundation.framework */,
				9A5AB6D317F65017000BF5C3 /* CoreGraphics.framework */,
				9A5AB6D517F65017000BF5C3 /* UIKit.framework */,
				9A5AB6F017F65017000BF5C3 /* XCTest.framework */,
			);
			name = Frameworks;
			sourceTree = "<group>";
		};
		9A5AB6D717F65017000BF5C3 /* Quick Quadratic */ = {
			isa = PBXGroup;
			children = (
				9A5AB70E17F65617000BF5C3 /* Solve */,
				9A5AB70817F6555B000BF5C3 /* Number Pad */,
				9A5AB6E017F65017000BF5C3 /* QuadraticAppDelegate.h */,
				9A5AB6E117F65017000BF5C3 /* QuadraticAppDelegate.m */,
				9A5AB6E317F65017000BF5C3 /* Main.storyboard */,
				9A5AB6E617F65017000BF5C3 /* QuadraticViewController.h */,
				9A5AB6E717F65017000BF5C3 /* QuadraticViewController.m */,
				9A5AB6E917F65017000BF5C3 /* Images.xcassets */,
				9A5AB6D817F65017000BF5C3 /* Supporting Files */,
			);
			path = "Quick Quadratic";
			sourceTree = "<group>";
		};
		9A5AB6D817F65017000BF5C3 /* Supporting Files */ = {
			isa = PBXGroup;
			children = (
				9A5AB6D917F65017000BF5C3 /* Quick Quadratic-Info.plist */,
				9A5AB6DA17F65017000BF5C3 /* InfoPlist.strings */,
				9A5AB6DD17F65017000BF5C3 /* main.m */,
				9A5AB6DF17F65017000BF5C3 /* Quick Quadratic-Prefix.pch */,
			);
			name = "Supporting Files";
			sourceTree = "<group>";
		};
		9A5AB6F617F65017000BF5C3 /* Quick QuadraticTests */ = {
			isa = PBXGroup;
			children = (
				9A5AB6FC17F65017000BF5C3 /* Quick_QuadraticTests.m */,
				9A5AB6F717F65017000BF5C3 /* Supporting Files */,
			);
			path = "Quick QuadraticTests";
			sourceTree = "<group>";
		};
		9A5AB6F717F65017000BF5C3 /* Supporting Files */ = {
			isa = PBXGroup;
			children = (
				9A5AB6F817F65017000BF5C3 /* Quick QuadraticTests-Info.plist */,
				9A5AB6F917F65017000BF5C3 /* InfoPlist.strings */,
			);
			name = "Supporting Files";
			sourceTree = "<group>";
		};
		9A5AB70817F6555B000BF5C3 /* Number Pad */ = {
			isa = PBXGroup;
			children = (
				9A5AB70917F6557D000BF5C3 /* NumberPad.h */,
				9A5AB70A17F6557D000BF5C3 /* NumberPad.m */,
				9A5AB70B17F6557D000BF5C3 /* NumberPad.xib */,
			);
			name = "Number Pad";
			sourceTree = "<group>";
		};
		9A5AB70E17F65617000BF5C3 /* Solve */ = {
			isa = PBXGroup;
			children = (
				9A5AB70F17F65625000BF5C3 /* QuadraticSolve.h */,
				9A5AB71017F65625000BF5C3 /* QuadraticSolve.m */,
			);
			name = Solve;
			sourceTree = "<group>";
		};
/* End PBXGroup section */

/* Begin PBXNativeTarget section */
		9A5AB6CD17F65017000BF5C3 /* Quick Quadratic */ = {
			isa = PBXNativeTarget;
			buildConfigurationList = 9A5AB70017F65017000BF5C3 /* Build configuration list for PBXNativeTarget "Quick Quadratic" */;
			buildPhases = (
				9A5AB6CA17F65017000BF5C3 /* Sources */,
				9A5AB6CB17F65017000BF5C3 /* Frameworks */,
				9A5AB6CC17F65017000BF5C3 /* Resources */,
			);
			buildRules = (
			);
			dependencies = (
			);
			name = "Quick Quadratic";
			productName = "Quick Quadratic";
			productReference = 9A5AB6CE17F65017000BF5C3 /* Quick Quadratic.app */;
			productType = "com.apple.product-type.application";
		};
		9A5AB6EE17F65017000BF5C3 /* Quick QuadraticTests */ = {
			isa = PBXNativeTarget;
			buildConfigurationList = 9A5AB70317F65017000BF5C3 /* Build configuration list for PBXNativeTarget "Quick QuadraticTests" */;
			buildPhases = (
				9A5AB6EB17F65017000BF5C3 /* Sources */,
				9A5AB6EC17F65017000BF5C3 /* Frameworks */,
				9A5AB6ED17F65017000BF5C3 /* Resources */,
			);
			buildRules = (
			);
			dependencies = (
				9A5AB6F517F65017000BF5C3 /* PBXTargetDependency */,
			);
			name = "Quick QuadraticTests";
			productName = "Quick QuadraticTests";
			productReference = 9A5AB6EF17F65017000BF5C3 /* Quick QuadraticTests.xctest */;
			productType = "com.apple.product-type.bundle.unit-test";
		};
/* End PBXNativeTarget section */

/* Begin PBXProject section */
		9A5AB6C617F65017000BF5C3 /* Project object */ = {
			isa = PBXProject;
			attributes = {
				CLASSPREFIX = Quadratic;
				LastUpgradeCheck = 0500;
				ORGANIZATIONNAME = "David Arrunategui";
				TargetAttributes = {
					9A5AB6EE17F65017000BF5C3 = {
						TestTargetID = 9A5AB6CD17F65017000BF5C3;
					};
				};
			};
			buildConfigurationList = 9A5AB6C917F65017000BF5C3 /* Build configuration list for PBXProject "Quick Quadratic" */;
			compatibilityVersion = "Xcode 3.2";
			developmentRegion = English;
			hasScannedForEncodings = 0;
			knownRegions = (
				en,
				Base,
			);
			mainGroup = 9A5AB6C517F65017000BF5C3;
			productRefGroup = 9A5AB6CF17F65017000BF5C3 /* Products */;
			projectDirPath = "";
			projectRoot = "";
			targets = (
				9A5AB6CD17F65017000BF5C3 /* Quick Quadratic */,
				9A5AB6EE17F65017000BF5C3 /* Quick QuadraticTests */,
			);
		};
/* End PBXProject section */

/* Begin PBXResourcesBuildPhase section */
		9A5AB6CC17F65017000BF5C3 /* Resources */ = {
			isa = PBXResourcesBuildPhase;
			buildActionMask = 2147483647;
			files = (
				9A5AB70D17F6557D000BF5C3 /* NumberPad.xib in Resources */,
				9A5AB6EA17F65017000BF5C3 /* Images.xcassets in Resources */,
				9A5AB6DC17F65017000BF5C3 /* InfoPlist.strings in Resources */,
				9A5AB6E517F65017000BF5C3 /* Main.storyboard in Resources */,
			);
			runOnlyForDeploymentPostprocessing = 0;
		};
		9A5AB6ED17F65017000BF5C3 /* Resources */ = {
			isa = PBXResourcesBuildPhase;
			buildActionMask = 2147483647;
			files = (
				9A5AB6FB17F65017000BF5C3 /* InfoPlist.strings in Resources */,
			);
			runOnlyForDeploymentPostprocessing = 0;
		};
/* End PBXResourcesBuildPhase section */

/* Begin PBXSourcesBuildPhase section */
		9A5AB6CA17F65017000BF5C3 /* Sources */ = {
			isa = PBXSourcesBuildPhase;
			buildActionMask = 2147483647;
			files = (
				9A5AB70C17F6557D000BF5C3 /* NumberPad.m in Sources */,
				9A5AB6DE17F65017000BF5C3 /* main.m in Sources */,
				9A5AB6E817F65017000BF5C3 /* QuadraticViewController.m in Sources */,
				9A5AB71117F65625000BF5C3 /* QuadraticSolve.m in Sources */,
				9A5AB6E217F65017000BF5C3 /* QuadraticAppDelegate.m in Sources */,
			);
			runOnlyForDeploymentPostprocessing = 0;
		};
		9A5AB6EB17F65017000BF5C3 /* Sources */ = {
			isa = PBXSourcesBuildPhase;
			buildActionMask = 2147483647;
			files = (
				9A5AB6FD17F65017000BF5C3 /* Quick_QuadraticTests.m in Sources */,
			);
			runOnlyForDeploymentPostprocessing = 0;
		};
/* End PBXSourcesBuildPhase section */

/* Begin PBXTargetDependency section */
		9A5AB6F517F65017000BF5C3 /* PBXTargetDependency */ = {
			isa = PBXTargetDependency;
			target = 9A5AB6CD17F65017000BF5C3 /* Quick Quadratic */;
			targetProxy = 9A5AB6F417F65017000BF5C3 /* PBXContainerItemProxy */;
		};
/* End PBXTargetDependency section */

/* Begin PBXVariantGroup section */
		9A5AB6DA17F65017000BF5C3 /* InfoPlist.strings */ = {
			isa = PBXVariantGroup;
			children = (
				9A5AB6DB17F65017000BF5C3 /* en */,
			);
			name = InfoPlist.strings;
			sourceTree = "<group>";
		};
		9A5AB6E317F65017000BF5C3 /* Main.storyboard */ = {
			isa = PBXVariantGroup;
			children = (
				9A5AB6E417F65017000BF5C3 /* Base */,
			);
			name = Main.storyboard;
			sourceTree = "<group>";
		};
		9A5AB6F917F65017000BF5C3 /* InfoPlist.strings */ = {
			isa = PBXVariantGroup;
			children = (
				9A5AB6FA17F65017000BF5C3 /* en */,
			);
			name = InfoPlist.strings;
			sourceTree = "<group>";
		};
/* End PBXVariantGroup section */

/* Begin XCBuildConfiguration section */
		9A5AB6FE17F65017000BF5C3 /* Debug */ = {
			isa = XCBuildConfiguration;
			buildSettings = {
				ALWAYS_SEARCH_USER_PATHS = NO;
				ARCHS = "$(ARCHS_STANDARD_INCLUDING_64_BIT)";
				CLANG_CXX_LANGUAGE_STANDARD = "gnu++0x";
				CLANG_CXX_LIBRARY = "libc++";
				CLANG_ENABLE_MODULES = YES;
				CLANG_ENABLE_OBJC_ARC = YES;
				CLANG_WARN_BOOL_CONVERSION = YES;
				CLANG_WARN_CONSTANT_CONVERSION = YES;
				CLANG_WARN_DIRECT_OBJC_ISA_USAGE = YES_ERROR;
				CLANG_WARN_EMPTY_BODY = YES;
				CLANG_WARN_ENUM_CONVERSION = YES;
				CLANG_WARN_INT_CONVERSION = YES;
				CLANG_WARN_OBJC_ROOT_CLASS = YES_ERROR;
				CLANG_WARN__DUPLICATE_METHOD_MATCH = YES;
				"CODE_SIGN_IDENTITY[sdk=iphoneos*]" = "iPhone Developer";
				COPY_PHASE_STRIP = NO;
				GCC_C_LANGUAGE_STANDARD = gnu99;
				GCC_DYNAMIC_NO_PIC = NO;
				GCC_OPTIMIZATION_LEVEL = 0;
				GCC_PREPROCESSOR_DEFINITIONS = (
					"DEBUG=1",
					"$(inherited)",
				);
				GCC_SYMBOLS_PRIVATE_EXTERN = NO;
				GCC_WARN_64_TO_32_BIT_CONVERSION = YES;
				GCC_WARN_ABOUT_RETURN_TYPE = YES_ERROR;
				GCC_WARN_UNDECLARED_SELECTOR = YES;
				GCC_WARN_UNINITIALIZED_AUTOS = YES;
				GCC_WARN_UNUSED_FUNCTION = YES;
				GCC_WARN_UNUSED_VARIABLE = YES;
				IPHONEOS_DEPLOYMENT_TARGET = 7.0;
				ONLY_ACTIVE_ARCH = YES;
				SDKROOT = iphoneos;
			};
			name = Debug;
		};
		9A5AB6FF17F65017000BF5C3 /* Release */ = {
			isa = XCBuildConfiguration;
			buildSettings = {
				ALWAYS_SEARCH_USER_PATHS = NO;
				ARCHS = "$(ARCHS_STANDARD_INCLUDING_64_BIT)";
				CLANG_CXX_LANGUAGE_STANDARD = "gnu++0x";
				CLANG_CXX_LIBRARY = "libc++";
				CLANG_ENABLE_MODULES = YES;
				CLANG_ENABLE_OBJC_ARC = YES;
				CLANG_WARN_BOOL_CONVERSION = YES;
				CLANG_WARN_CONSTANT_CONVERSION = YES;
				CLANG_WARN_DIRECT_OBJC_ISA_USAGE = YES_ERROR;
				CLANG_WARN_EMPTY_BODY = YES;
				CLANG_WARN_ENUM_CONVERSION = YES;
				CLANG_WARN_INT_CONVERSION = YES;
				CLANG_WARN_OBJC_ROOT_CLASS = YES_ERROR;
				CLANG_WARN__DUPLICATE_METHOD_MATCH = YES;
				"CODE_SIGN_IDENTITY[sdk=iphoneos*]" = "iPhone Developer";
				COPY_PHASE_STRIP = YES;
				ENABLE_NS_ASSERTIONS = NO;
				GCC_C_LANGUAGE_STANDARD = gnu99;
				GCC_WARN_64_TO_32_BIT_CONVERSION = YES;
				GCC_WARN_ABOUT_RETURN_TYPE = YES_ERROR;
				GCC_WARN_UNDECLARED_SELECTOR = YES;
				GCC_WARN_UNINITIALIZED_AUTOS = YES;
				GCC_WARN_UNUSED_FUNCTION = YES;
				GCC_WARN_UNUSED_VARIABLE = YES;
				IPHONEOS_DEPLOYMENT_TARGET = 7.0;
				SDKROOT = iphoneos;
				VALIDATE_PRODUCT = YES;
			};
			name = Release;
		};
		9A5AB70117F65017000BF5C3 /* Debug */ = {
			isa = XCBuildConfiguration;
			buildSettings = {
				ASSETCATALOG_COMPILER_APPICON_NAME = AppIcon;
				ASSETCATALOG_COMPILER_LAUNCHIMAGE_NAME = LaunchImage;
				GCC_PRECOMPILE_PREFIX_HEADER = YES;
				GCC_PREFIX_HEADER = "Quick Quadratic/Quick Quadratic-Prefix.pch";
				INFOPLIST_FILE = "Quick Quadratic/Quick Quadratic-Info.plist";
				PRODUCT_NAME = "$(TARGET_NAME)";
				WRAPPER_EXTENSION = app;
			};
			name = Debug;
		};
		9A5AB70217F65017000BF5C3 /* Release */ = {
			isa = XCBuildConfiguration;
			buildSettings = {
				ASSETCATALOG_COMPILER_APPICON_NAME = AppIcon;
				ASSETCATALOG_COMPILER_LAUNCHIMAGE_NAME = LaunchImage;
				GCC_PRECOMPILE_PREFIX_HEADER = YES;
				GCC_PREFIX_HEADER = "Quick Quadratic/Quick Quadratic-Prefix.pch";
				INFOPLIST_FILE = "Quick Quadratic/Quick Quadratic-Info.plist";
				PRODUCT_NAME = "$(TARGET_NAME)";
				WRAPPER_EXTENSION = app;
			};
			name = Release;
		};
		9A5AB70417F65017000BF5C3 /* Debug */ = {
			isa = XCBuildConfiguration;
			buildSettings = {
				ARCHS = "$(ARCHS_STANDARD_INCLUDING_64_BIT)";
				BUNDLE_LOADER = "$(BUILT_PRODUCTS_DIR)/Quick Quadratic.app/Quick Quadratic";
				FRAMEWORK_SEARCH_PATHS = (
					"$(SDKROOT)/Developer/Library/Frameworks",
					"$(inherited)",
					"$(DEVELOPER_FRAMEWORKS_DIR)",
				);
				GCC_PRECOMPILE_PREFIX_HEADER = YES;
				GCC_PREFIX_HEADER = "Quick Quadratic/Quick Quadratic-Prefix.pch";
				GCC_PREPROCESSOR_DEFINITIONS = (
					"DEBUG=1",
					"$(inherited)",
				);
				INFOPLIST_FILE = "Quick QuadraticTests/Quick QuadraticTests-Info.plist";
				PRODUCT_NAME = "$(TARGET_NAME)";
				TEST_HOST = "$(BUNDLE_LOADER)";
				WRAPPER_EXTENSION = xctest;
			};
			name = Debug;
		};
		9A5AB70517F65017000BF5C3 /* Release */ = {
			isa = XCBuildConfiguration;
			buildSettings = {
				ARCHS = "$(ARCHS_STANDARD_INCLUDING_64_BIT)";
				BUNDLE_LOADER = "$(BUILT_PRODUCTS_DIR)/Quick Quadratic.app/Quick Quadratic";
				FRAMEWORK_SEARCH_PATHS = (
					"$(SDKROOT)/Developer/Library/Frameworks",
					"$(inherited)",
					"$(DEVELOPER_FRAMEWORKS_DIR)",
				);
				GCC_PRECOMPILE_PREFIX_HEADER = YES;
				GCC_PREFIX_HEADER = "Quick Quadratic/Quick Quadratic-Prefix.pch";
				INFOPLIST_FILE = "Quick QuadraticTests/Quick QuadraticTests-Info.plist";
				PRODUCT_NAME = "$(TARGET_NAME)";
				TEST_HOST = "$(BUNDLE_LOADER)";
				WRAPPER_EXTENSION = xctest;
			};
			name = Release;
		};
/* End XCBuildConfiguration section */

/* Begin XCConfigurationList section */
		9A5AB6C917F65017000BF5C3 /* Build configuration list for PBXProject "Quick Quadratic" */ = {
			isa = XCConfigurationList;
			buildConfigurations = (
				9A5AB6FE17F65017000BF5C3 /* Debug */,
				9A5AB6FF17F65017000BF5C3 /* Release */,
			);
			defaultConfigurationIsVisible = 0;
			defaultConfigurationName = Release;
		};
		9A5AB70017F65017000BF5C3 /* Build configuration list for PBXNativeTarget "Quick Quadratic" */ = {
			isa = XCConfigurationList;
			buildConfigurations = (
				9A5AB70117F65017000BF5C3 /* Debug */,
				9A5AB70217F65017000BF5C3 /* Release */,
			);
			defaultConfigurationIsVisible = 0;
		};
		9A5AB70317F65017000BF5C3 /* Build configuration list for PBXNativeTarget "Quick QuadraticTests" */ = {
			isa = XCConfigurationList;
			buildConfigurations = (
				9A5AB70417F65017000BF5C3 /* Debug */,
				9A5AB70517F65017000BF5C3 /* Release */,
			);
			defaultConfigurationIsVisible = 0;
		};
/* End XCConfigurationList section */
	};
	rootObject = 9A5AB6C617F65017000BF5C3 /* Project object */;
}
